// !$*UTF8*$!
{
	archiveVersion = 1;
	classes = {
	};
	objectVersion = 46;
	objects = {

/* Begin PBXBuildFile section */
		2A494A7E1AF26C610083EB14 /* UIDevice+TechD.m in Sources */ = {isa = PBXBuildFile; fileRef = 2A494A7D1AF26C610083EB14 /* UIDevice+TechD.m */; };
		2A494A7F1AF26C610083EB14 /* UIDevice+TechD.m in Sources */ = {isa = PBXBuildFile; fileRef = 2A494A7D1AF26C610083EB14 /* UIDevice+TechD.m */; };
		2A494A811AF2766E0083EB14 /* TechDUIDeviceTest.m in Sources */ = {isa = PBXBuildFile; fileRef = 2A494A801AF2766E0083EB14 /* TechDUIDeviceTest.m */; };
		2AA8CE711AC1621D003901EB /* libUIKit+TechD.a in Frameworks */ = {isa = PBXBuildFile; fileRef = 2AA8CE651AC1621D003901EB /* libUIKit+TechD.a */; };
		2AA8CE8A1AC162B6003901EB /* NSLayoutConstraint+TechD.m in Sources */ = {isa = PBXBuildFile; fileRef = 2AA8CE801AC162B6003901EB /* NSLayoutConstraint+TechD.m */; };
		2AA8CE8B1AC162B6003901EB /* UIGestureRecognizer+TechD.m in Sources */ = {isa = PBXBuildFile; fileRef = 2AA8CE821AC162B6003901EB /* UIGestureRecognizer+TechD.m */; };
		2AA8CE8C1AC162B6003901EB /* UIImage+TechD.m in Sources */ = {isa = PBXBuildFile; fileRef = 2AA8CE841AC162B6003901EB /* UIImage+TechD.m */; };
		2AA8CE8D1AC162B6003901EB /* UIImageView+TechD.m in Sources */ = {isa = PBXBuildFile; fileRef = 2AA8CE861AC162B6003901EB /* UIImageView+TechD.m */; };
		2AA8CE8E1AC162B6003901EB /* UIScreen+TechD.m in Sources */ = {isa = PBXBuildFile; fileRef = 2AA8CE891AC162B6003901EB /* UIScreen+TechD.m */; };
		2AA8CE9A1AC163C5003901EB /* LICENSE in Resources */ = {isa = PBXBuildFile; fileRef = 2AA8CE911AC163C5003901EB /* LICENSE */; };
		2AA8CE9D1AC163C5003901EB /* TDGeometricFigure.m in Sources */ = {isa = PBXBuildFile; fileRef = 2AA8CE951AC163C5003901EB /* TDGeometricFigure.m */; };
		2AA8CE9E1AC163C5003901EB /* TDGeometricFigure.m in Sources */ = {isa = PBXBuildFile; fileRef = 2AA8CE951AC163C5003901EB /* TDGeometricFigure.m */; };
		2AA8CE9F1AC163C5003901EB /* TDMath.m in Sources */ = {isa = PBXBuildFile; fileRef = 2AA8CE971AC163C5003901EB /* TDMath.m */; };
		2AA8CEA01AC163C5003901EB /* TDMath.m in Sources */ = {isa = PBXBuildFile; fileRef = 2AA8CE971AC163C5003901EB /* TDMath.m */; };
		2AA8CEA11AC163C5003901EB /* TDTrigonometry.m in Sources */ = {isa = PBXBuildFile; fileRef = 2AA8CE991AC163C5003901EB /* TDTrigonometry.m */; };
		2AA8CEA21AC163C5003901EB /* TDTrigonometry.m in Sources */ = {isa = PBXBuildFile; fileRef = 2AA8CE991AC163C5003901EB /* TDTrigonometry.m */; };
		2AD9D5561AE430FD00B2634F /* UIView+TechD.m in Sources */ = {isa = PBXBuildFile; fileRef = 2AD9D5551AE430FD00B2634F /* UIView+TechD.m */; };
/* End PBXBuildFile section */

/* Begin PBXContainerItemProxy section */
		2AA8CE721AC1621D003901EB /* PBXContainerItemProxy */ = {
			isa = PBXContainerItemProxy;
			containerPortal = 2AA8CE5D1AC1621C003901EB /* Project object */;
			proxyType = 1;
			remoteGlobalIDString = 2AA8CE641AC1621C003901EB;
			remoteInfo = "UIKit+TechD";
		};
/* End PBXContainerItemProxy section */

/* Begin PBXCopyFilesBuildPhase section */
		2AA8CE631AC1621C003901EB /* CopyFiles */ = {
			isa = PBXCopyFilesBuildPhase;
			buildActionMask = 2147483647;
			dstPath = "include/$(PRODUCT_NAME)";
			dstSubfolderSpec = 16;
			files = (
			);
			runOnlyForDeploymentPostprocessing = 0;
		};
/* End PBXCopyFilesBuildPhase section */

/* Begin PBXFileReference section */
		2A494A7C1AF26C610083EB14 /* UIDevice+TechD.h */ = {isa = PBXFileReference; fileEncoding = 4; lastKnownFileType = sourcecode.c.h; path = "UIDevice+TechD.h"; sourceTree = "<group>"; };
		2A494A7D1AF26C610083EB14 /* UIDevice+TechD.m */ = {isa = PBXFileReference; fileEncoding = 4; lastKnownFileType = sourcecode.c.objc; path = "UIDevice+TechD.m"; sourceTree = "<group>"; };
		2A494A801AF2766E0083EB14 /* TechDUIDeviceTest.m */ = {isa = PBXFileReference; fileEncoding = 4; lastKnownFileType = sourcecode.c.objc; path = TechDUIDeviceTest.m; sourceTree = "<group>"; };
		2AA8CE651AC1621D003901EB /* libUIKit+TechD.a */ = {isa = PBXFileReference; explicitFileType = archive.ar; includeInIndex = 0; path = "libUIKit+TechD.a"; sourceTree = BUILT_PRODUCTS_DIR; };
		2AA8CE701AC1621D003901EB /* UIKit+TechDTests.xctest */ = {isa = PBXFileReference; explicitFileType = wrapper.cfbundle; includeInIndex = 0; path = "UIKit+TechDTests.xctest"; sourceTree = BUILT_PRODUCTS_DIR; };
		2AA8CE761AC1621D003901EB /* Info.plist */ = {isa = PBXFileReference; lastKnownFileType = text.plist.xml; path = Info.plist; sourceTree = "<group>"; };
		2AA8CE7F1AC162B6003901EB /* NSLayoutConstraint+TechD.h */ = {isa = PBXFileReference; fileEncoding = 4; lastKnownFileType = sourcecode.c.h; path = "NSLayoutConstraint+TechD.h"; sourceTree = "<group>"; };
		2AA8CE801AC162B6003901EB /* NSLayoutConstraint+TechD.m */ = {isa = PBXFileReference; fileEncoding = 4; lastKnownFileType = sourcecode.c.objc; path = "NSLayoutConstraint+TechD.m"; sourceTree = "<group>"; };
		2AA8CE811AC162B6003901EB /* UIGestureRecognizer+TechD.h */ = {isa = PBXFileReference; fileEncoding = 4; lastKnownFileType = sourcecode.c.h; path = "UIGestureRecognizer+TechD.h"; sourceTree = "<group>"; };
		2AA8CE821AC162B6003901EB /* UIGestureRecognizer+TechD.m */ = {isa = PBXFileReference; fileEncoding = 4; lastKnownFileType = sourcecode.c.objc; path = "UIGestureRecognizer+TechD.m"; sourceTree = "<group>"; };
		2AA8CE831AC162B6003901EB /* UIImage+TechD.h */ = {isa = PBXFileReference; fileEncoding = 4; lastKnownFileType = sourcecode.c.h; path = "UIImage+TechD.h"; sourceTree = "<group>"; };
		2AA8CE841AC162B6003901EB /* UIImage+TechD.m */ = {isa = PBXFileReference; fileEncoding = 4; lastKnownFileType = sourcecode.c.objc; path = "UIImage+TechD.m"; sourceTree = "<group>"; };
		2AA8CE851AC162B6003901EB /* UIImageView+TechD.h */ = {isa = PBXFileReference; fileEncoding = 4; lastKnownFileType = sourcecode.c.h; path = "UIImageView+TechD.h"; sourceTree = "<group>"; };
		2AA8CE861AC162B6003901EB /* UIImageView+TechD.m */ = {isa = PBXFileReference; fileEncoding = 4; lastKnownFileType = sourcecode.c.objc; path = "UIImageView+TechD.m"; sourceTree = "<group>"; };
		2AA8CE871AC162B6003901EB /* UIKit+TechD.h */ = {isa = PBXFileReference; fileEncoding = 4; lastKnownFileType = sourcecode.c.h; path = "UIKit+TechD.h"; sourceTree = "<group>"; };
		2AA8CE881AC162B6003901EB /* UIScreen+TechD.h */ = {isa = PBXFileReference; fileEncoding = 4; lastKnownFileType = sourcecode.c.h; path = "UIScreen+TechD.h"; sourceTree = "<group>"; };
		2AA8CE891AC162B6003901EB /* UIScreen+TechD.m */ = {isa = PBXFileReference; fileEncoding = 4; lastKnownFileType = sourcecode.c.objc; path = "UIScreen+TechD.m"; sourceTree = "<group>"; };
		2AA8CE911AC163C5003901EB /* LICENSE */ = {isa = PBXFileReference; fileEncoding = 4; lastKnownFileType = text; path = LICENSE; sourceTree = "<group>"; };
		2AA8CE921AC163C5003901EB /* README.md */ = {isa = PBXFileReference; fileEncoding = 4; lastKnownFileType = net.daringfireball.markdown; path = README.md; sourceTree = "<group>"; };
		2AA8CE941AC163C5003901EB /* TDGeometricFigure.h */ = {isa = PBXFileReference; fileEncoding = 4; lastKnownFileType = sourcecode.c.h; path = TDGeometricFigure.h; sourceTree = "<group>"; };
		2AA8CE951AC163C5003901EB /* TDGeometricFigure.m */ = {isa = PBXFileReference; fileEncoding = 4; lastKnownFileType = sourcecode.c.objc; path = TDGeometricFigure.m; sourceTree = "<group>"; };
		2AA8CE961AC163C5003901EB /* TDMath.h */ = {isa = PBXFileReference; fileEncoding = 4; lastKnownFileType = sourcecode.c.h; path = TDMath.h; sourceTree = "<group>"; };
		2AA8CE971AC163C5003901EB /* TDMath.m */ = {isa = PBXFileReference; fileEncoding = 4; lastKnownFileType = sourcecode.c.objc; path = TDMath.m; sourceTree = "<group>"; };
		2AA8CE981AC163C5003901EB /* TDTrigonometry.h */ = {isa = PBXFileReference; fileEncoding = 4; lastKnownFileType = sourcecode.c.h; path = TDTrigonometry.h; sourceTree = "<group>"; };
		2AA8CE991AC163C5003901EB /* TDTrigonometry.m */ = {isa = PBXFileReference; fileEncoding = 4; lastKnownFileType = sourcecode.c.objc; path = TDTrigonometry.m; sourceTree = "<group>"; };
		2AD9D5541AE430FD00B2634F /* UIView+TechD.h */ = {isa = PBXFileReference; fileEncoding = 4; lastKnownFileType = sourcecode.c.h; path = "UIView+TechD.h"; sourceTree = "<group>"; };
		2AD9D5551AE430FD00B2634F /* UIView+TechD.m */ = {isa = PBXFileReference; fileEncoding = 4; lastKnownFileType = sourcecode.c.objc; path = "UIView+TechD.m"; sourceTree = "<group>"; };
/* End PBXFileReference section */

/* Begin PBXFrameworksBuildPhase section */
		2AA8CE621AC1621C003901EB /* Frameworks */ = {
			isa = PBXFrameworksBuildPhase;
			buildActionMask = 2147483647;
			files = (
			);
			runOnlyForDeploymentPostprocessing = 0;
		};
		2AA8CE6D1AC1621D003901EB /* Frameworks */ = {
			isa = PBXFrameworksBuildPhase;
			buildActionMask = 2147483647;
			files = (
				2AA8CE711AC1621D003901EB /* libUIKit+TechD.a in Frameworks */,
			);
			runOnlyForDeploymentPostprocessing = 0;
		};
/* End PBXFrameworksBuildPhase section */

/* Begin PBXGroup section */
		2AA8CE5C1AC1621C003901EB = {
			isa = PBXGroup;
			children = (
				2AA8CE671AC1621D003901EB /* UIKit+TechD */,
				2AA8CE741AC1621D003901EB /* UIKit+TechDTests */,
				2AA8CE8F1AC16342003901EB /* Libraries */,
				2AA8CE661AC1621D003901EB /* Products */,
			);
			sourceTree = "<group>";
		};
		2AA8CE661AC1621D003901EB /* Products */ = {
			isa = PBXGroup;
			children = (
				2AA8CE651AC1621D003901EB /* libUIKit+TechD.a */,
				2AA8CE701AC1621D003901EB /* UIKit+TechDTests.xctest */,
			);
			name = Products;
			sourceTree = "<group>";
		};
		2AA8CE671AC1621D003901EB /* UIKit+TechD */ = {
			isa = PBXGroup;
			children = (
				2AA8CE871AC162B6003901EB /* UIKit+TechD.h */,
				2A494A7C1AF26C610083EB14 /* UIDevice+TechD.h */,
				2A494A7D1AF26C610083EB14 /* UIDevice+TechD.m */,
				2AA8CE881AC162B6003901EB /* UIScreen+TechD.h */,
				2AA8CE891AC162B6003901EB /* UIScreen+TechD.m */,
				2AA8CE831AC162B6003901EB /* UIImage+TechD.h */,
				2AA8CE841AC162B6003901EB /* UIImage+TechD.m */,
				2AD9D5541AE430FD00B2634F /* UIView+TechD.h */,
				2AD9D5551AE430FD00B2634F /* UIView+TechD.m */,
				2AA8CE851AC162B6003901EB /* UIImageView+TechD.h */,
				2AA8CE861AC162B6003901EB /* UIImageView+TechD.m */,
				2AA8CE811AC162B6003901EB /* UIGestureRecognizer+TechD.h */,
				2AA8CE821AC162B6003901EB /* UIGestureRecognizer+TechD.m */,
				2AA8CE7F1AC162B6003901EB /* NSLayoutConstraint+TechD.h */,
				2AA8CE801AC162B6003901EB /* NSLayoutConstraint+TechD.m */,
			);
			path = "UIKit+TechD";
			sourceTree = "<group>";
		};
		2AA8CE741AC1621D003901EB /* UIKit+TechDTests */ = {
			isa = PBXGroup;
			children = (
				2AA8CE751AC1621D003901EB /* Supporting Files */,
				2A494A801AF2766E0083EB14 /* TechDUIDeviceTest.m */,
			);
			path = "UIKit+TechDTests";
			sourceTree = "<group>";
		};
		2AA8CE751AC1621D003901EB /* Supporting Files */ = {
			isa = PBXGroup;
			children = (
				2AA8CE761AC1621D003901EB /* Info.plist */,
			);
			name = "Supporting Files";
			sourceTree = "<group>";
		};
		2AA8CE8F1AC16342003901EB /* Libraries */ = {
			isa = PBXGroup;
			children = (
				2AA8CE901AC163C5003901EB /* TDMath */,
			);
			name = Libraries;
			sourceTree = "<group>";
		};
		2AA8CE901AC163C5003901EB /* TDMath */ = {
			isa = PBXGroup;
			children = (
				2AA8CE911AC163C5003901EB /* LICENSE */,
				2AA8CE921AC163C5003901EB /* README.md */,
				2AA8CE931AC163C5003901EB /* TDMath */,
			);
			name = TDMath;
			path = Libraries/TDMath;
			sourceTree = "<group>";
		};
		2AA8CE931AC163C5003901EB /* TDMath */ = {
			isa = PBXGroup;
			children = (
				2AA8CE961AC163C5003901EB /* TDMath.h */,
				2AA8CE971AC163C5003901EB /* TDMath.m */,
				2AA8CE981AC163C5003901EB /* TDTrigonometry.h */,
				2AA8CE991AC163C5003901EB /* TDTrigonometry.m */,
				2AA8CE941AC163C5003901EB /* TDGeometricFigure.h */,
				2AA8CE951AC163C5003901EB /* TDGeometricFigure.m */,
			);
			path = TDMath;
			sourceTree = "<group>";
		};
/* End PBXGroup section */

/* Begin PBXNativeTarget section */
		2AA8CE641AC1621C003901EB /* UIKit+TechD */ = {
			isa = PBXNativeTarget;
			buildConfigurationList = 2AA8CE791AC1621D003901EB /* Build configuration list for PBXNativeTarget "UIKit+TechD" */;
			buildPhases = (
				2AA8CE611AC1621C003901EB /* Sources */,
				2AA8CE621AC1621C003901EB /* Frameworks */,
				2AA8CE631AC1621C003901EB /* CopyFiles */,
			);
			buildRules = (
			);
			dependencies = (
			);
			name = "UIKit+TechD";
			productName = "UIKit+TechD";
			productReference = 2AA8CE651AC1621D003901EB /* libUIKit+TechD.a */;
			productType = "com.apple.product-type.library.static";
		};
		2AA8CE6F1AC1621D003901EB /* UIKit+TechDTests */ = {
			isa = PBXNativeTarget;
			buildConfigurationList = 2AA8CE7C1AC1621D003901EB /* Build configuration list for PBXNativeTarget "UIKit+TechDTests" */;
			buildPhases = (
				2AA8CE6C1AC1621D003901EB /* Sources */,
				2AA8CE6D1AC1621D003901EB /* Frameworks */,
				2AA8CE6E1AC1621D003901EB /* Resources */,
			);
			buildRules = (
			);
			dependencies = (
				2AA8CE731AC1621D003901EB /* PBXTargetDependency */,
			);
			name = "UIKit+TechDTests";
			productName = "UIKit+TechDTests";
			productReference = 2AA8CE701AC1621D003901EB /* UIKit+TechDTests.xctest */;
			productType = "com.apple.product-type.bundle.unit-test";
		};
/* End PBXNativeTarget section */

/* Begin PBXProject section */
		2AA8CE5D1AC1621C003901EB /* Project object */ = {
			isa = PBXProject;
			attributes = {
				LastUpgradeCheck = 0620;
				ORGANIZATIONNAME = TechD;
				TargetAttributes = {
					2AA8CE641AC1621C003901EB = {
						CreatedOnToolsVersion = 6.2;
					};
					2AA8CE6F1AC1621D003901EB = {
						CreatedOnToolsVersion = 6.2;
					};
				};
			};
			buildConfigurationList = 2AA8CE601AC1621C003901EB /* Build configuration list for PBXProject "UIKit+TechD" */;
			compatibilityVersion = "Xcode 3.2";
			developmentRegion = English;
			hasScannedForEncodings = 0;
			knownRegions = (
				en,
			);
			mainGroup = 2AA8CE5C1AC1621C003901EB;
			productRefGroup = 2AA8CE661AC1621D003901EB /* Products */;
			projectDirPath = "";
			projectRoot = "";
			targets = (
				2AA8CE641AC1621C003901EB /* UIKit+TechD */,
				2AA8CE6F1AC1621D003901EB /* UIKit+TechDTests */,
			);
		};
/* End PBXProject section */

/* Begin PBXResourcesBuildPhase section */
		2AA8CE6E1AC1621D003901EB /* Resources */ = {
			isa = PBXResourcesBuildPhase;
			buildActionMask = 2147483647;
			files = (
				2AA8CE9A1AC163C5003901EB /* LICENSE in Resources */,
			);
			runOnlyForDeploymentPostprocessing = 0;
		};
/* End PBXResourcesBuildPhase section */

/* Begin PBXSourcesBuildPhase section */
		2AA8CE611AC1621C003901EB /* Sources */ = {
			isa = PBXSourcesBuildPhase;
			buildActionMask = 2147483647;
			files = (
				2A494A7E1AF26C610083EB14 /* UIDevice+TechD.m in Sources */,
				2AA8CE9D1AC163C5003901EB /* TDGeometricFigure.m in Sources */,
				2AA8CE8B1AC162B6003901EB /* UIGestureRecognizer+TechD.m in Sources */,
				2AD9D5561AE430FD00B2634F /* UIView+TechD.m in Sources */,
				2AA8CE8E1AC162B6003901EB /* UIScreen+TechD.m in Sources */,
				2AA8CE8D1AC162B6003901EB /* UIImageView+TechD.m in Sources */,
				2AA8CE9F1AC163C5003901EB /* TDMath.m in Sources */,
				2AA8CE8C1AC162B6003901EB /* UIImage+TechD.m in Sources */,
				2AA8CEA11AC163C5003901EB /* TDTrigonometry.m in Sources */,
				2AA8CE8A1AC162B6003901EB /* NSLayoutConstraint+TechD.m in Sources */,
			);
			runOnlyForDeploymentPostprocessing = 0;
		};
		2AA8CE6C1AC1621D003901EB /* Sources */ = {
			isa = PBXSourcesBuildPhase;
			buildActionMask = 2147483647;
			files = (
				2A494A7F1AF26C610083EB14 /* UIDevice+TechD.m in Sources */,
				2A494A811AF2766E0083EB14 /* TechDUIDeviceTest.m in Sources */,
				2AA8CE9E1AC163C5003901EB /* TDGeometricFigure.m in Sources */,
				2AA8CEA21AC163C5003901EB /* TDTrigonometry.m in Sources */,
				2AA8CEA01AC163C5003901EB /* TDMath.m in Sources */,
			);
			runOnlyForDeploymentPostprocessing = 0;
		};
/* End PBXSourcesBuildPhase section */

/* Begin PBXTargetDependency section */
		2AA8CE731AC1621D003901EB /* PBXTargetDependency */ = {
			isa = PBXTargetDependency;
			target = 2AA8CE641AC1621C003901EB /* UIKit+TechD */;
			targetProxy = 2AA8CE721AC1621D003901EB /* PBXContainerItemProxy */;
		};
/* End PBXTargetDependency section */

/* Begin XCBuildConfiguration section */
		2AA8CE771AC1621D003901EB /* Debug */ = {
			isa = XCBuildConfiguration;
			buildSettings = {
				ALWAYS_SEARCH_USER_PATHS = NO;
				CLANG_CXX_LANGUAGE_STANDARD = "gnu++0x";
				CLANG_CXX_LIBRARY = "libc++";
				CLANG_ENABLE_MODULES = YES;
				CLANG_ENABLE_OBJC_ARC = YES;
				CLANG_WARN_BOOL_CONVERSION = YES;
				CLANG_WARN_CONSTANT_CONVERSION = YES;
				CLANG_WARN_DIRECT_OBJC_ISA_USAGE = YES_ERROR;
				CLANG_WARN_EMPTY_BODY = YES;
				CLANG_WARN_ENUM_CONVERSION = YES;
				CLANG_WARN_INT_CONVERSION = YES;
				CLANG_WARN_OBJC_ROOT_CLASS = YES_ERROR;
				CLANG_WARN_UNREACHABLE_CODE = YES;
				CLANG_WARN__DUPLICATE_METHOD_MATCH = YES;
				COPY_PHASE_STRIP = NO;
				ENABLE_STRICT_OBJC_MSGSEND = YES;
				GCC_C_LANGUAGE_STANDARD = gnu99;
				GCC_DYNAMIC_NO_PIC = NO;
				GCC_OPTIMIZATION_LEVEL = 0;
				GCC_PREPROCESSOR_DEFINITIONS = (
					"DEBUG=1",
					"$(inherited)",
				);
				GCC_SYMBOLS_PRIVATE_EXTERN = NO;
				GCC_WARN_64_TO_32_BIT_CONVERSION = YES;
				GCC_WARN_ABOUT_RETURN_TYPE = YES_ERROR;
				GCC_WARN_UNDECLARED_SELECTOR = YES;
				GCC_WARN_UNINITIALIZED_AUTOS = YES_AGGRESSIVE;
				GCC_WARN_UNUSED_FUNCTION = YES;
				GCC_WARN_UNUSED_VARIABLE = YES;
				IPHONEOS_DEPLOYMENT_TARGET = 8.0;
				MTL_ENABLE_DEBUG_INFO = YES;
				ONLY_ACTIVE_ARCH = YES;
				SDKROOT = iphoneos;
			};
			name = Debug;
		};
		2AA8CE781AC1621D003901EB /* Release */ = {
			isa = XCBuildConfiguration;
			buildSettings = {
				ALWAYS_SEARCH_USER_PATHS = NO;
				CLANG_CXX_LANGUAGE_STANDARD = "gnu++0x";
				CLANG_CXX_LIBRARY = "libc++";
				CLANG_ENABLE_MODULES = YES;
				CLANG_ENABLE_OBJC_ARC = YES;
				CLANG_WARN_BOOL_CONVERSION = YES;
				CLANG_WARN_CONSTANT_CONVERSION = YES;
				CLANG_WARN_DIRECT_OBJC_ISA_USAGE = YES_ERROR;
				CLANG_WARN_EMPTY_BODY = YES;
				CLANG_WARN_ENUM_CONVERSION = YES;
				CLANG_WARN_INT_CONVERSION = YES;
				CLANG_WARN_OBJC_ROOT_CLASS = YES_ERROR;
				CLANG_WARN_UNREACHABLE_CODE = YES;
				CLANG_WARN__DUPLICATE_METHOD_MATCH = YES;
				COPY_PHASE_STRIP = NO;
				ENABLE_NS_ASSERTIONS = NO;
				ENABLE_STRICT_OBJC_MSGSEND = YES;
				GCC_C_LANGUAGE_STANDARD = gnu99;
				GCC_WARN_64_TO_32_BIT_CONVERSION = YES;
				GCC_WARN_ABOUT_RETURN_TYPE = YES_ERROR;
				GCC_WARN_UNDECLARED_SELECTOR = YES;
				GCC_WARN_UNINITIALIZED_AUTOS = YES_AGGRESSIVE;
				GCC_WARN_UNUSED_FUNCTION = YES;
				GCC_WARN_UNUSED_VARIABLE = YES;
				IPHONEOS_DEPLOYMENT_TARGET = 8.0;
				MTL_ENABLE_DEBUG_INFO = NO;
				SDKROOT = iphoneos;
				VALIDATE_PRODUCT = YES;
			};
			name = Release;
		};
		2AA8CE7A1AC1621D003901EB /* Debug */ = {
			isa = XCBuildConfiguration;
			buildSettings = {
				OTHER_LDFLAGS = "-ObjC";
				PRODUCT_NAME = "$(TARGET_NAME)";
				SKIP_INSTALL = YES;
			};
			name = Debug;
		};
		2AA8CE7B1AC1621D003901EB /* Release */ = {
			isa = XCBuildConfiguration;
			buildSettings = {
				OTHER_LDFLAGS = "-ObjC";
				PRODUCT_NAME = "$(TARGET_NAME)";
				SKIP_INSTALL = YES;
			};
			name = Release;
		};
		2AA8CE7D1AC1621D003901EB /* Debug */ = {
			isa = XCBuildConfiguration;
			buildSettings = {
				FRAMEWORK_SEARCH_PATHS = (
					"$(SDKROOT)/Developer/Library/Frameworks",
					"$(inherited)",
				);
				GCC_PREPROCESSOR_DEFINITIONS = (
					"DEBUG=1",
					"$(inherited)",
				);
				INFOPLIST_FILE = "UIKit+TechDTests/Info.plist";
				LD_RUNPATH_SEARCH_PATHS = "$(inherited) @executable_path/Frameworks @loader_path/Frameworks";
				PRODUCT_NAME = "$(TARGET_NAME)";
			};
			name = Debug;
		};
		2AA8CE7E1AC1621D003901EB /* Release */ = {
			isa = XCBuildConfiguration;
			buildSettings = {
				FRAMEWORK_SEARCH_PATHS = (
					"$(SDKROOT)/Developer/Library/Frameworks",
					"$(inherited)",
				);
				INFOPLIST_FILE = "UIKit+TechDTests/Info.plist";
				LD_RUNPATH_SEARCH_PATHS = "$(inherited) @executable_path/Frameworks @loader_path/Frameworks";
				PRODUCT_NAME = "$(TARGET_NAME)";
			};
			name = Release;
		};
/* End XCBuildConfiguration section */

/* Begin XCConfigurationList section */
		2AA8CE601AC1621C003901EB /* Build configuration list for PBXProject "UIKit+TechD" */ = {
			isa = XCConfigurationList;
			buildConfigurations = (
				2AA8CE771AC1621D003901EB /* Debug */,
				2AA8CE781AC1621D003901EB /* Release */,
			);
			defaultConfigurationIsVisible = 0;
			defaultConfigurationName = Release;
		};
		2AA8CE791AC1621D003901EB /* Build configuration list for PBXNativeTarget "UIKit+TechD" */ = {
			isa = XCConfigurationList;
			buildConfigurations = (
				2AA8CE7A1AC1621D003901EB /* Debug */,
				2AA8CE7B1AC1621D003901EB /* Release */,
			);
			defaultConfigurationIsVisible = 0;
			defaultConfigurationName = Release;
		};
		2AA8CE7C1AC1621D003901EB /* Build configuration list for PBXNativeTarget "UIKit+TechDTests" */ = {
			isa = XCConfigurationList;
			buildConfigurations = (
				2AA8CE7D1AC1621D003901EB /* Debug */,
				2AA8CE7E1AC1621D003901EB /* Release */,
			);
			defaultConfigurationIsVisible = 0;
			defaultConfigurationName = Release;
		};
/* End XCConfigurationList section */
	};
	rootObject = 2AA8CE5D1AC1621C003901EB /* Project object */;
}
